// !$*UTF8*$!
{
	archiveVersion = 1;
	classes = {
	};
	objectVersion = 50;
	objects = {

/* Begin PBXBuildFile section */
		4177AC47F183A38A4AE13D07 /* Pods_ToDoList_2.framework in Frameworks */ = {isa = PBXBuildFile; fileRef = 3CB476BACB4076B4F5398DA7 /* Pods_ToDoList_2.framework */; };
		436957602506A55E00F229A0 /* ModelTasks.swift in Sources */ = {isa = PBXBuildFile; fileRef = 4369575F2506A55E00F229A0 /* ModelTasks.swift */; };
		43A2C7B2250413990012D06B /* AppDelegate.swift in Sources */ = {isa = PBXBuildFile; fileRef = 43A2C7B1250413990012D06B /* AppDelegate.swift */; };
		43A2C7B4250413990012D06B /* SceneDelegate.swift in Sources */ = {isa = PBXBuildFile; fileRef = 43A2C7B3250413990012D06B /* SceneDelegate.swift */; };
		43A2C7B6250413990012D06B /* ViewController.swift in Sources */ = {isa = PBXBuildFile; fileRef = 43A2C7B5250413990012D06B /* ViewController.swift */; };
		43A2C7B9250413990012D06B /* Main.storyboard in Resources */ = {isa = PBXBuildFile; fileRef = 43A2C7B7250413990012D06B /* Main.storyboard */; };
		43A2C7BB2504139B0012D06B /* Assets.xcassets in Resources */ = {isa = PBXBuildFile; fileRef = 43A2C7BA2504139B0012D06B /* Assets.xcassets */; };
		43A2C7BE2504139B0012D06B /* LaunchScreen.storyboard in Resources */ = {isa = PBXBuildFile; fileRef = 43A2C7BC2504139B0012D06B /* LaunchScreen.storyboard */; };
		43A2C7C6250415920012D06B /* MainTableViewCell.swift in Sources */ = {isa = PBXBuildFile; fileRef = 43A2C7C5250415920012D06B /* MainTableViewCell.swift */; };
		43A2C7C8250415A80012D06B /* MainTableViewController.swift in Sources */ = {isa = PBXBuildFile; fileRef = 43A2C7C7250415A80012D06B /* MainTableViewController.swift */; };
/* End PBXBuildFile section */

/* Begin PBXFileReference section */
		3CB476BACB4076B4F5398DA7 /* Pods_ToDoList_2.framework */ = {isa = PBXFileReference; explicitFileType = wrapper.framework; includeInIndex = 0; path = Pods_ToDoList_2.framework; sourceTree = BUILT_PRODUCTS_DIR; };
		4369575F2506A55E00F229A0 /* ModelTasks.swift */ = {isa = PBXFileReference; lastKnownFileType = sourcecode.swift; path = ModelTasks.swift; sourceTree = "<group>"; };
		43A2C7AE250413990012D06B /* ToDoList_2.app */ = {isa = PBXFileReference; explicitFileType = wrapper.application; includeInIndex = 0; path = ToDoList_2.app; sourceTree = BUILT_PRODUCTS_DIR; };
		43A2C7B1250413990012D06B /* AppDelegate.swift */ = {isa = PBXFileReference; lastKnownFileType = sourcecode.swift; path = AppDelegate.swift; sourceTree = "<group>"; };
		43A2C7B3250413990012D06B /* SceneDelegate.swift */ = {isa = PBXFileReference; lastKnownFileType = sourcecode.swift; path = SceneDelegate.swift; sourceTree = "<group>"; };
		43A2C7B5250413990012D06B /* ViewController.swift */ = {isa = PBXFileReference; lastKnownFileType = sourcecode.swift; path = ViewController.swift; sourceTree = "<group>"; };
		43A2C7B8250413990012D06B /* Base */ = {isa = PBXFileReference; lastKnownFileType = file.storyboard; name = Base; path = Base.lproj/Main.storyboard; sourceTree = "<group>"; };
		43A2C7BA2504139B0012D06B /* Assets.xcassets */ = {isa = PBXFileReference; lastKnownFileType = folder.assetcatalog; path = Assets.xcassets; sourceTree = "<group>"; };
		43A2C7BD2504139B0012D06B /* Base */ = {isa = PBXFileReference; lastKnownFileType = file.storyboard; name = Base; path = Base.lproj/LaunchScreen.storyboard; sourceTree = "<group>"; };
		43A2C7BF2504139B0012D06B /* Info.plist */ = {isa = PBXFileReference; lastKnownFileType = text.plist.xml; path = Info.plist; sourceTree = "<group>"; };
		43A2C7C5250415920012D06B /* MainTableViewCell.swift */ = {isa = PBXFileReference; lastKnownFileType = sourcecode.swift; path = MainTableViewCell.swift; sourceTree = "<group>"; };
		43A2C7C7250415A80012D06B /* MainTableViewController.swift */ = {isa = PBXFileReference; lastKnownFileType = sourcecode.swift; path = MainTableViewController.swift; sourceTree = "<group>"; };
		F326D64FB9E2A632E6276C08 /* Pods-ToDoList_2.release.xcconfig */ = {isa = PBXFileReference; includeInIndex = 1; lastKnownFileType = text.xcconfig; name = "Pods-ToDoList_2.release.xcconfig"; path = "Target Support Files/Pods-ToDoList_2/Pods-ToDoList_2.release.xcconfig"; sourceTree = "<group>"; };
		F60EAE5C2C45B6AF6D610E61 /* Pods-ToDoList_2.debug.xcconfig */ = {isa = PBXFileReference; includeInIndex = 1; lastKnownFileType = text.xcconfig; name = "Pods-ToDoList_2.debug.xcconfig"; path = "Target Support Files/Pods-ToDoList_2/Pods-ToDoList_2.debug.xcconfig"; sourceTree = "<group>"; };
/* End PBXFileReference section */

/* Begin PBXFrameworksBuildPhase section */
		43A2C7AB250413990012D06B /* Frameworks */ = {
			isa = PBXFrameworksBuildPhase;
			buildActionMask = 2147483647;
			files = (
				4177AC47F183A38A4AE13D07 /* Pods_ToDoList_2.framework in Frameworks */,
			);
			runOnlyForDeploymentPostprocessing = 0;
		};
/* End PBXFrameworksBuildPhase section */

/* Begin PBXGroup section */
		1814A8AD59F6380E3946D35F /* Pods */ = {
			isa = PBXGroup;
			children = (
				F60EAE5C2C45B6AF6D610E61 /* Pods-ToDoList_2.debug.xcconfig */,
				F326D64FB9E2A632E6276C08 /* Pods-ToDoList_2.release.xcconfig */,
			);
			name = Pods;
			path = Pods;
			sourceTree = "<group>";
		};
		43A2C7A5250413990012D06B = {
			isa = PBXGroup;
			children = (
				43A2C7B0250413990012D06B /* ToDoList_2 */,
				43A2C7AF250413990012D06B /* Products */,
				1814A8AD59F6380E3946D35F /* Pods */,
				6854F5F749A37E0184F74A37 /* Frameworks */,
			);
			sourceTree = "<group>";
		};
		43A2C7AF250413990012D06B /* Products */ = {
			isa = PBXGroup;
			children = (
				43A2C7AE250413990012D06B /* ToDoList_2.app */,
			);
			name = Products;
			sourceTree = "<group>";
		};
		43A2C7B0250413990012D06B /* ToDoList_2 */ = {
			isa = PBXGroup;
			children = (
				43A2C7B1250413990012D06B /* AppDelegate.swift */,
				4369575F2506A55E00F229A0 /* ModelTasks.swift */,
				43A2C7B3250413990012D06B /* SceneDelegate.swift */,
				43A2C7B5250413990012D06B /* ViewController.swift */,
				43A2C7B7250413990012D06B /* Main.storyboard */,
				43A2C7C7250415A80012D06B /* MainTableViewController.swift */,
				43A2C7C5250415920012D06B /* MainTableViewCell.swift */,
				43A2C7BA2504139B0012D06B /* Assets.xcassets */,
				43A2C7BC2504139B0012D06B /* LaunchScreen.storyboard */,
				43A2C7BF2504139B0012D06B /* Info.plist */,
			);
			path = ToDoList_2;
			sourceTree = "<group>";
		};
		6854F5F749A37E0184F74A37 /* Frameworks */ = {
			isa = PBXGroup;
			children = (
				3CB476BACB4076B4F5398DA7 /* Pods_ToDoList_2.framework */,
			);
			name = Frameworks;
			sourceTree = "<group>";
		};
/* End PBXGroup section */

/* Begin PBXNativeTarget section */
		43A2C7AD250413990012D06B /* ToDoList_2 */ = {
			isa = PBXNativeTarget;
			buildConfigurationList = 43A2C7C22504139B0012D06B /* Build configuration list for PBXNativeTarget "ToDoList_2" */;
			buildPhases = (
				C144776CBE52A61F6CF05248 /* [CP] Check Pods Manifest.lock */,
				43A2C7AA250413990012D06B /* Sources */,
				43A2C7AB250413990012D06B /* Frameworks */,
				43A2C7AC250413990012D06B /* Resources */,
				C92A5029B993F37CA24D7F47 /* [CP] Embed Pods Frameworks */,
			);
			buildRules = (
			);
			dependencies = (
			);
			name = ToDoList_2;
			productName = ToDoList_2;
			productReference = 43A2C7AE250413990012D06B /* ToDoList_2.app */;
			productType = "com.apple.product-type.application";
		};
/* End PBXNativeTarget section */

/* Begin PBXProject section */
		43A2C7A6250413990012D06B /* Project object */ = {
			isa = PBXProject;
			attributes = {
				LastSwiftUpdateCheck = 1160;
				LastUpgradeCheck = 1160;
				ORGANIZATIONNAME = Bogdan;
				TargetAttributes = {
					43A2C7AD250413990012D06B = {
						CreatedOnToolsVersion = 11.6;
					};
				};
			};
			buildConfigurationList = 43A2C7A9250413990012D06B /* Build configuration list for PBXProject "ToDoList_2" */;
			compatibilityVersion = "Xcode 9.3";
			developmentRegion = en;
			hasScannedForEncodings = 0;
			knownRegions = (
				en,
				Base,
			);
			mainGroup = 43A2C7A5250413990012D06B;
			productRefGroup = 43A2C7AF250413990012D06B /* Products */;
			projectDirPath = "";
			projectRoot = "";
			targets = (
				43A2C7AD250413990012D06B /* ToDoList_2 */,
			);
		};
/* End PBXProject section */

/* Begin PBXResourcesBuildPhase section */
		43A2C7AC250413990012D06B /* Resources */ = {
			isa = PBXResourcesBuildPhase;
			buildActionMask = 2147483647;
			files = (
				43A2C7BE2504139B0012D06B /* LaunchScreen.storyboard in Resources */,
				43A2C7BB2504139B0012D06B /* Assets.xcassets in Resources */,
				43A2C7B9250413990012D06B /* Main.storyboard in Resources */,
			);
			runOnlyForDeploymentPostprocessing = 0;
		};
/* End PBXResourcesBuildPhase section */

/* Begin PBXShellScriptBuildPhase section */
		C144776CBE52A61F6CF05248 /* [CP] Check Pods Manifest.lock */ = {
			isa = PBXShellScriptBuildPhase;
			buildActionMask = 2147483647;
			files = (
			);
			inputFileListPaths = (
			);
			inputPaths = (
				"${PODS_PODFILE_DIR_PATH}/Podfile.lock",
				"${PODS_ROOT}/Manifest.lock",
			);
			name = "[CP] Check Pods Manifest.lock";
			outputFileListPaths = (
			);
			outputPaths = (
				"$(DERIVED_FILE_DIR)/Pods-ToDoList_2-checkManifestLockResult.txt",
			);
			runOnlyForDeploymentPostprocessing = 0;
			shellPath = /bin/sh;
			shellScript = "diff \"${PODS_PODFILE_DIR_PATH}/Podfile.lock\" \"${PODS_ROOT}/Manifest.lock\" > /dev/null\nif [ $? != 0 ] ; then\n    # print error to STDERR\n    echo \"error: The sandbox is not in sync with the Podfile.lock. Run 'pod install' or update your CocoaPods installation.\" >&2\n    exit 1\nfi\n# This output is used by Xcode 'outputs' to avoid re-running this script phase.\necho \"SUCCESS\" > \"${SCRIPT_OUTPUT_FILE_0}\"\n";
			showEnvVarsInLog = 0;
		};
		C92A5029B993F37CA24D7F47 /* [CP] Embed Pods Frameworks */ = {
			isa = PBXShellScriptBuildPhase;
			buildActionMask = 2147483647;
			files = (
			);
			inputFileListPaths = (
				"${PODS_ROOT}/Target Support Files/Pods-ToDoList_2/Pods-ToDoList_2-frameworks-${CONFIGURATION}-input-files.xcfilelist",
			);
			name = "[CP] Embed Pods Frameworks";
			outputFileListPaths = (
				"${PODS_ROOT}/Target Support Files/Pods-ToDoList_2/Pods-ToDoList_2-frameworks-${CONFIGURATION}-output-files.xcfilelist",
			);
			runOnlyForDeploymentPostprocessing = 0;
			shellPath = /bin/sh;
			shellScript = "\"${PODS_ROOT}/Target Support Files/Pods-ToDoList_2/Pods-ToDoList_2-frameworks.sh\"\n";
			showEnvVarsInLog = 0;
		};
/* End PBXShellScriptBuildPhase section */

/* Begin PBXSourcesBuildPhase section */
		43A2C7AA250413990012D06B /* Sources */ = {
			isa = PBXSourcesBuildPhase;
			buildActionMask = 2147483647;
			files = (
				43A2C7B6250413990012D06B /* ViewController.swift in Sources */,
				43A2C7B2250413990012D06B /* AppDelegate.swift in Sources */,
				436957602506A55E00F229A0 /* ModelTasks.swift in Sources */,
				43A2C7C6250415920012D06B /* MainTableViewCell.swift in Sources */,
				43A2C7C8250415A80012D06B /* MainTableViewController.swift in Sources */,
				43A2C7B4250413990012D06B /* SceneDelegate.swift in Sources */,
			);
			runOnlyForDeploymentPostprocessing = 0;
		};
/* End PBXSourcesBuildPhase section */

/* Begin PBXVariantGroup section */
		43A2C7B7250413990012D06B /* Main.storyboard */ = {
			isa = PBXVariantGroup;
			children = (
				43A2C7B8250413990012D06B /* Base */,
			);
			name = Main.storyboard;
			sourceTree = "<group>";
		};
		43A2C7BC2504139B0012D06B /* LaunchScreen.storyboard */ = {
			isa = PBXVariantGroup;
			children = (
				43A2C7BD2504139B0012D06B /* Base */,
			);
			name = LaunchScreen.storyboard;
			sourceTree = "<group>";
		};
/* End PBXVariantGroup section */

/* Begin XCBuildConfiguration section */
		43A2C7C02504139B0012D06B /* Debug */ = {
			isa = XCBuildConfiguration;
			buildSettings = {
				ALWAYS_SEARCH_USER_PATHS = NO;
				CLANG_ANALYZER_NONNULL = YES;
				CLANG_ANALYZER_NUMBER_OBJECT_CONVERSION = YES_AGGRESSIVE;
				CLANG_CXX_LANGUAGE_STANDARD = "gnu++14";
				CLANG_CXX_LIBRARY = "libc++";
				CLANG_ENABLE_MODULES = YES;
				CLANG_ENABLE_OBJC_ARC = YES;
				CLANG_ENABLE_OBJC_WEAK = YES;
				CLANG_WARN_BLOCK_CAPTURE_AUTORELEASING = YES;
				CLANG_WARN_BOOL_CONVERSION = YES;
				CLANG_WARN_COMMA = YES;
				CLANG_WARN_CONSTANT_CONVERSION = YES;
				CLANG_WARN_DEPRECATED_OBJC_IMPLEMENTATIONS = YES;
				CLANG_WARN_DIRECT_OBJC_ISA_USAGE = YES_ERROR;
				CLANG_WARN_DOCUMENTATION_COMMENTS = YES;
				CLANG_WARN_EMPTY_BODY = YES;
				CLANG_WARN_ENUM_CONVERSION = YES;
				CLANG_WARN_INFINITE_RECURSION = YES;
				CLANG_WARN_INT_CONVERSION = YES;
				CLANG_WARN_NON_LITERAL_NULL_CONVERSION = YES;
				CLANG_WARN_OBJC_IMPLICIT_RETAIN_SELF = YES;
				CLANG_WARN_OBJC_LITERAL_CONVERSION = YES;
				CLANG_WARN_OBJC_ROOT_CLASS = YES_ERROR;
				CLANG_WARN_RANGE_LOOP_ANALYSIS = YES;
				CLANG_WARN_STRICT_PROTOTYPES = YES;
				CLANG_WARN_SUSPICIOUS_MOVE = YES;
				CLANG_WARN_UNGUARDED_AVAILABILITY = YES_AGGRESSIVE;
				CLANG_WARN_UNREACHABLE_CODE = YES;
				CLANG_WARN__DUPLICATE_METHOD_MATCH = YES;
				COPY_PHASE_STRIP = NO;
				DEBUG_INFORMATION_FORMAT = dwarf;
				ENABLE_STRICT_OBJC_MSGSEND = YES;
				ENABLE_TESTABILITY = YES;
				GCC_C_LANGUAGE_STANDARD = gnu11;
				GCC_DYNAMIC_NO_PIC = NO;
				GCC_NO_COMMON_BLOCKS = YES;
				GCC_OPTIMIZATION_LEVEL = 0;
				GCC_PREPROCESSOR_DEFINITIONS = (
					"DEBUG=1",
					"$(inherited)",
				);
				GCC_WARN_64_TO_32_BIT_CONVERSION = YES;
				GCC_WARN_ABOUT_RETURN_TYPE = YES_ERROR;
				GCC_WARN_UNDECLARED_SELECTOR = YES;
				GCC_WARN_UNINITIALIZED_AUTOS = YES_AGGRESSIVE;
				GCC_WARN_UNUSED_FUNCTION = YES;
				GCC_WARN_UNUSED_VARIABLE = YES;
				IPHONEOS_DEPLOYMENT_TARGET = 13.6;
				MTL_ENABLE_DEBUG_INFO = INCLUDE_SOURCE;
				MTL_FAST_MATH = YES;
				ONLY_ACTIVE_ARCH = YES;
				SDKROOT = iphoneos;
				SWIFT_ACTIVE_COMPILATION_CONDITIONS = DEBUG;
				SWIFT_OPTIMIZATION_LEVEL = "-Onone";
			};
			name = Debug;
		};
		43A2C7C12504139B0012D06B /* Release */ = {
			isa = XCBuildConfiguration;
			buildSettings = {
				ALWAYS_SEARCH_USER_PATHS = NO;
				CLANG_ANALYZER_NONNULL = YES;
				CLANG_ANALYZER_NUMBER_OBJECT_CONVERSION = YES_AGGRESSIVE;
				CLANG_CXX_LANGUAGE_STANDARD = "gnu++14";
				CLANG_CXX_LIBRARY = "libc++";
				CLANG_ENABLE_MODULES = YES;
				CLANG_ENABLE_OBJC_ARC = YES;
				CLANG_ENABLE_OBJC_WEAK = YES;
				CLANG_WARN_BLOCK_CAPTURE_AUTORELEASING = YES;
				CLANG_WARN_BOOL_CONVERSION = YES;
				CLANG_WARN_COMMA = YES;
				CLANG_WARN_CONSTANT_CONVERSION = YES;
				CLANG_WARN_DEPRECATED_OBJC_IMPLEMENTATIONS = YES;
				CLANG_WARN_DIRECT_OBJC_ISA_USAGE = YES_ERROR;
				CLANG_WARN_DOCUMENTATION_COMMENTS = YES;
				CLANG_WARN_EMPTY_BODY = YES;
				CLANG_WARN_ENUM_CONVERSION = YES;
				CLANG_WARN_INFINITE_RECURSION = YES;
				CLANG_WARN_INT_CONVERSION = YES;
				CLANG_WARN_NON_LITERAL_NULL_CONVERSION = YES;
				CLANG_WARN_OBJC_IMPLICIT_RETAIN_SELF = YES;
				CLANG_WARN_OBJC_LITERAL_CONVERSION = YES;
				CLANG_WARN_OBJC_ROOT_CLASS = YES_ERROR;
				CLANG_WARN_RANGE_LOOP_ANALYSIS = YES;
				CLANG_WARN_STRICT_PROTOTYPES = YES;
				CLANG_WARN_SUSPICIOUS_MOVE = YES;
				CLANG_WARN_UNGUARDED_AVAILABILITY = YES_AGGRESSIVE;
				CLANG_WARN_UNREACHABLE_CODE = YES;
				CLANG_WARN__DUPLICATE_METHOD_MATCH = YES;
				COPY_PHASE_STRIP = NO;
				DEBUG_INFORMATION_FORMAT = "dwarf-with-dsym";
				ENABLE_NS_ASSERTIONS = NO;
				ENABLE_STRICT_OBJC_MSGSEND = YES;
				GCC_C_LANGUAGE_STANDARD = gnu11;
				GCC_NO_COMMON_BLOCKS = YES;
				GCC_WARN_64_TO_32_BIT_CONVERSION = YES;
				GCC_WARN_ABOUT_RETURN_TYPE = YES_ERROR;
				GCC_WARN_UNDECLARED_SELECTOR = YES;
				GCC_WARN_UNINITIALIZED_AUTOS = YES_AGGRESSIVE;
				GCC_WARN_UNUSED_FUNCTION = YES;
				GCC_WARN_UNUSED_VARIABLE = YES;
				IPHONEOS_DEPLOYMENT_TARGET = 13.6;
				MTL_ENABLE_DEBUG_INFO = NO;
				MTL_FAST_MATH = YES;
				SDKROOT = iphoneos;
				SWIFT_COMPILATION_MODE = wholemodule;
				SWIFT_OPTIMIZATION_LEVEL = "-O";
				VALIDATE_PRODUCT = YES;
			};
			name = Release;
		};
		43A2C7C32504139B0012D06B /* Debug */ = {
			isa = XCBuildConfiguration;
			baseConfigurationReference = F60EAE5C2C45B6AF6D610E61 /* Pods-ToDoList_2.debug.xcconfig */;
			buildSettings = {
				ASSETCATALOG_COMPILER_APPICON_NAME = AppIcon;
				CODE_SIGN_STYLE = Automatic;
				DEVELOPMENT_TEAM = 3W3Y62F3S2;
				INFOPLIST_FILE = ToDoList_2/Info.plist;
				LD_RUNPATH_SEARCH_PATHS = (
					"$(inherited)",
					"@executable_path/Frameworks",
				);
				PRODUCT_BUNDLE_IDENTIFIER = "nadgoB.ToDoList-2";
				PRODUCT_NAME = "$(TARGET_NAME)";
				SWIFT_VERSION = 5.0;
				TARGETED_DEVICE_FAMILY = "1,2";
			};
			name = Debug;
		};
		43A2C7C42504139B0012D06B /* Release */ = {
			isa = XCBuildConfiguration;
			baseConfigurationReference = F326D64FB9E2A632E6276C08 /* Pods-ToDoList_2.release.xcconfig */;
			buildSettings = {
				ASSETCATALOG_COMPILER_APPICON_NAME = AppIcon;
				CODE_SIGN_STYLE = Automatic;
				DEVELOPMENT_TEAM = 3W3Y62F3S2;
				INFOPLIST_FILE = ToDoList_2/Info.plist;
				LD_RUNPATH_SEARCH_PATHS = (
					"$(inherited)",
					"@executable_path/Frameworks",
				);
				PRODUCT_BUNDLE_IDENTIFIER = "nadgoB.ToDoList-2";
				PRODUCT_NAME = "$(TARGET_NAME)";
				SWIFT_VERSION = 5.0;
				TARGETED_DEVICE_FAMILY = "1,2";
			};
			name = Release;
		};
/* End XCBuildConfiguration section */

/* Begin XCConfigurationList section */
		43A2C7A9250413990012D06B /* Build configuration list for PBXProject "ToDoList_2" */ = {
			isa = XCConfigurationList;
			buildConfigurations = (
				43A2C7C02504139B0012D06B /* Debug */,
				43A2C7C12504139B0012D06B /* Release */,
			);
			defaultConfigurationIsVisible = 0;
			defaultConfigurationName = Release;
		};
		43A2C7C22504139B0012D06B /* Build configuration list for PBXNativeTarget "ToDoList_2" */ = {
			isa = XCConfigurationList;
			buildConfigurations = (
				43A2C7C32504139B0012D06B /* Debug */,
				43A2C7C42504139B0012D06B /* Release */,
			);
			defaultConfigurationIsVisible = 0;
			defaultConfigurationName = Release;
		};
/* End XCConfigurationList section */
	};
	rootObject = 43A2C7A6250413990012D06B /* Project object */;
}
